
Microsoft Visual Studio Solution File, Format Version 12.00
# Visual Studio 15
VisualStudioVersion = 15.0.27130.2024
MinimumVisualStudioVersion = 10.0.40219.1
Project("{FAE04EC0-301F-11D3-BF4B-00C04F79EFBC}") = "CS3280GroupProject", "CS3280GroupProject\CS3280GroupProject.csproj", "{D40737D2-45F7-48F7-89E3-1D15ACFDFE5B}"
EndProject
Global
	GlobalSection(SolutionConfigurationPlatforms) = preSolution
		Debug|Any CPU = Debug|Any CPU
		Release|Any CPU = Release|Any CPU
	EndGlobalSection
	GlobalSection(ProjectConfigurationPlatforms) = postSolution
		{D40737D2-45F7-48F7-89E3-1D15ACFDFE5B}.Debug|Any CPU.ActiveCfg = Debug|Any CPU
		{D40737D2-45F7-48F7-89E3-1D15ACFDFE5B}.Debug|Any CPU.Build.0 = Debug|Any CPU
		{D40737D2-45F7-48F7-89E3-1D15ACFDFE5B}.Release|Any CPU.ActiveCfg = Release|Any CPU
		{D40737D2-45F7-48F7-89E3-1D15ACFDFE5B}.Release|Any CPU.Build.0 = Release|Any CPU
	EndGlobalSection
	GlobalSection(SolutionProperties) = preSolution
		HideSolutionNode = FALSE
	EndGlobalSection
	GlobalSection(ExtensibilityGlobals) = postSolution
		SolutionGuid = {E02DA12D-AA69-4834-A31C-D880F157AA55}
	EndGlobalSection
EndGlobal
